
Microsoft Visual Studio Solution File, Format Version 12.00
# Visual Studio Version 17
VisualStudioVersion = 17.0.31903.59
MinimumVisualStudioVersion = 10.0.40219.1
Project("{FAE04EC0-301F-11D3-BF4B-00C04F79EFBC}") = "MavenagiApi", "MavenagiApi\MavenagiApi.csproj", "{5748BA1B-1A94-4217-B45F-61B8475361FD}"
EndProject
Project("{FAE04EC0-301F-11D3-BF4B-00C04F79EFBC}") = "MavenagiApi.Test", "MavenagiApi.Test\MavenagiApi.Test.csproj", "{D91FB4DA-558A-4304-9B2A-A5756FD7D781}"
EndProject
Global
	GlobalSection(SolutionConfigurationPlatforms) = preSolution
		Debug|Any CPU = Debug|Any CPU
		Release|Any CPU = Release|Any CPU
	EndGlobalSection
	GlobalSection(SolutionProperties) = preSolution
		HideSolutionNode = FALSE
	EndGlobalSection
	GlobalSection(ProjectConfigurationPlatforms) = postSolution
		{5748BA1B-1A94-4217-B45F-61B8475361FD}.Debug|Any CPU.ActiveCfg = Debug|Any CPU
		{5748BA1B-1A94-4217-B45F-61B8475361FD}.Debug|Any CPU.Build.0 = Debug|Any CPU
		{5748BA1B-1A94-4217-B45F-61B8475361FD}.Release|Any CPU.ActiveCfg = Release|Any CPU
		{5748BA1B-1A94-4217-B45F-61B8475361FD}.Release|Any CPU.Build.0 = Release|Any CPU
		{D91FB4DA-558A-4304-9B2A-A5756FD7D781}.Debug|Any CPU.ActiveCfg = Debug|Any CPU
		{D91FB4DA-558A-4304-9B2A-A5756FD7D781}.Debug|Any CPU.Build.0 = Debug|Any CPU
		{D91FB4DA-558A-4304-9B2A-A5756FD7D781}.Release|Any CPU.ActiveCfg = Release|Any CPU
		{D91FB4DA-558A-4304-9B2A-A5756FD7D781}.Release|Any CPU.Build.0 = Release|Any CPU
	EndGlobalSection
EndGlobal
