
Microsoft Visual Studio Solution File, Format Version 12.00
# Visual Studio Version 17
VisualStudioVersion = 17.0.31903.59
MinimumVisualStudioVersion = 10.0.40219.1
Project("{FAE04EC0-301F-11D3-BF4B-00C04F79EFBC}") = "MavenagiApi", "MavenagiApi\MavenagiApi.csproj", "{1EEB5F38-604C-4785-9599-2DF66BC03370}"
EndProject
Project("{FAE04EC0-301F-11D3-BF4B-00C04F79EFBC}") = "MavenagiApi.Test", "MavenagiApi.Test\MavenagiApi.Test.csproj", "{62F46446-5344-417B-9176-27F71B4EA2E5}"
EndProject
Global
	GlobalSection(SolutionConfigurationPlatforms) = preSolution
		Debug|Any CPU = Debug|Any CPU
		Release|Any CPU = Release|Any CPU
	EndGlobalSection
	GlobalSection(SolutionProperties) = preSolution
		HideSolutionNode = FALSE
	EndGlobalSection
	GlobalSection(ProjectConfigurationPlatforms) = postSolution
		{1EEB5F38-604C-4785-9599-2DF66BC03370}.Debug|Any CPU.ActiveCfg = Debug|Any CPU
		{1EEB5F38-604C-4785-9599-2DF66BC03370}.Debug|Any CPU.Build.0 = Debug|Any CPU
		{1EEB5F38-604C-4785-9599-2DF66BC03370}.Release|Any CPU.ActiveCfg = Release|Any CPU
		{1EEB5F38-604C-4785-9599-2DF66BC03370}.Release|Any CPU.Build.0 = Release|Any CPU
		{62F46446-5344-417B-9176-27F71B4EA2E5}.Debug|Any CPU.ActiveCfg = Debug|Any CPU
		{62F46446-5344-417B-9176-27F71B4EA2E5}.Debug|Any CPU.Build.0 = Debug|Any CPU
		{62F46446-5344-417B-9176-27F71B4EA2E5}.Release|Any CPU.ActiveCfg = Release|Any CPU
		{62F46446-5344-417B-9176-27F71B4EA2E5}.Release|Any CPU.Build.0 = Release|Any CPU
	EndGlobalSection
EndGlobal
