
Microsoft Visual Studio Solution File, Format Version 12.00
# Visual Studio Version 17
VisualStudioVersion = 17.0.31903.59
MinimumVisualStudioVersion = 10.0.40219.1
Project("{FAE04EC0-301F-11D3-BF4B-00C04F79EFBC}") = "MavenagiApi", "MavenagiApi\MavenagiApi.csproj", "{7DCDC63E-93FC-436E-B37D-43B4AEB04895}"
EndProject
Project("{FAE04EC0-301F-11D3-BF4B-00C04F79EFBC}") = "MavenagiApi.Test", "MavenagiApi.Test\MavenagiApi.Test.csproj", "{F2A37707-790A-4C39-9FA6-DBEC069802CD}"
EndProject
Global
	GlobalSection(SolutionConfigurationPlatforms) = preSolution
		Debug|Any CPU = Debug|Any CPU
		Release|Any CPU = Release|Any CPU
	EndGlobalSection
	GlobalSection(SolutionProperties) = preSolution
		HideSolutionNode = FALSE
	EndGlobalSection
	GlobalSection(ProjectConfigurationPlatforms) = postSolution
		{7DCDC63E-93FC-436E-B37D-43B4AEB04895}.Debug|Any CPU.ActiveCfg = Debug|Any CPU
		{7DCDC63E-93FC-436E-B37D-43B4AEB04895}.Debug|Any CPU.Build.0 = Debug|Any CPU
		{7DCDC63E-93FC-436E-B37D-43B4AEB04895}.Release|Any CPU.ActiveCfg = Release|Any CPU
		{7DCDC63E-93FC-436E-B37D-43B4AEB04895}.Release|Any CPU.Build.0 = Release|Any CPU
		{F2A37707-790A-4C39-9FA6-DBEC069802CD}.Debug|Any CPU.ActiveCfg = Debug|Any CPU
		{F2A37707-790A-4C39-9FA6-DBEC069802CD}.Debug|Any CPU.Build.0 = Debug|Any CPU
		{F2A37707-790A-4C39-9FA6-DBEC069802CD}.Release|Any CPU.ActiveCfg = Release|Any CPU
		{F2A37707-790A-4C39-9FA6-DBEC069802CD}.Release|Any CPU.Build.0 = Release|Any CPU
	EndGlobalSection
EndGlobal
